
Microsoft Visual Studio Solution File, Format Version 12.00
# Visual Studio Version 16
VisualStudioVersion = 16.0.31624.102
MinimumVisualStudioVersion = 10.0.40219.1
Project("{FAE04EC0-301F-11D3-BF4B-00C04F79EFBC}") = "app1", "app1\app1.csproj", "{CFB35370-645E-4A5C-8CED-F8CD4B73F6C7}"
EndProject
Global
	GlobalSection(SolutionConfigurationPlatforms) = preSolution
		Debug|Any CPU = Debug|Any CPU
		Release|Any CPU = Release|Any CPU
	EndGlobalSection
	GlobalSection(ProjectConfigurationPlatforms) = postSolution
		{CFB35370-645E-4A5C-8CED-F8CD4B73F6C7}.Debug|Any CPU.ActiveCfg = Debug|Any CPU
		{CFB35370-645E-4A5C-8CED-F8CD4B73F6C7}.Debug|Any CPU.Build.0 = Debug|Any CPU
		{CFB35370-645E-4A5C-8CED-F8CD4B73F6C7}.Release|Any CPU.ActiveCfg = Release|Any CPU
		{CFB35370-645E-4A5C-8CED-F8CD4B73F6C7}.Release|Any CPU.Build.0 = Release|Any CPU
	EndGlobalSection
	GlobalSection(SolutionProperties) = preSolution
		HideSolutionNode = FALSE
	EndGlobalSection
	GlobalSection(ExtensibilityGlobals) = postSolution
		SolutionGuid = {820DE598-07DF-42D3-A857-8B742847E61C}
	EndGlobalSection
EndGlobal
