
Microsoft Visual Studio Solution File, Format Version 12.00
# Visual Studio Version 16
VisualStudioVersion = 16.0.31624.102
MinimumVisualStudioVersion = 10.0.40219.1
Project("{FAE04EC0-301F-11D3-BF4B-00C04F79EFBC}") = "EvenOrOdd", "EvenOrOdd\EvenOrOdd.csproj", "{7CB73C2B-EAA2-4CA5-85A9-9F42C1730B0B}"
EndProject
Global
	GlobalSection(SolutionConfigurationPlatforms) = preSolution
		Debug|Any CPU = Debug|Any CPU
		Release|Any CPU = Release|Any CPU
	EndGlobalSection
	GlobalSection(ProjectConfigurationPlatforms) = postSolution
		{7CB73C2B-EAA2-4CA5-85A9-9F42C1730B0B}.Debug|Any CPU.ActiveCfg = Debug|Any CPU
		{7CB73C2B-EAA2-4CA5-85A9-9F42C1730B0B}.Debug|Any CPU.Build.0 = Debug|Any CPU
		{7CB73C2B-EAA2-4CA5-85A9-9F42C1730B0B}.Release|Any CPU.ActiveCfg = Release|Any CPU
		{7CB73C2B-EAA2-4CA5-85A9-9F42C1730B0B}.Release|Any CPU.Build.0 = Release|Any CPU
	EndGlobalSection
	GlobalSection(SolutionProperties) = preSolution
		HideSolutionNode = FALSE
	EndGlobalSection
	GlobalSection(ExtensibilityGlobals) = postSolution
		SolutionGuid = {CF29C71C-4809-4E8C-8F35-A7DDB3F30C03}
	EndGlobalSection
EndGlobal
