
Microsoft Visual Studio Solution File, Format Version 12.00
# Visual Studio Version 16
VisualStudioVersion = 16.0.31624.102
MinimumVisualStudioVersion = 10.0.40219.1
Project("{FAE04EC0-301F-11D3-BF4B-00C04F79EFBC}") = "Palindrome", "Palindrome\Palindrome.csproj", "{1894C94B-4F9A-4E98-92AC-1420CF37A8BC}"
EndProject
Global
	GlobalSection(SolutionConfigurationPlatforms) = preSolution
		Debug|Any CPU = Debug|Any CPU
		Release|Any CPU = Release|Any CPU
	EndGlobalSection
	GlobalSection(ProjectConfigurationPlatforms) = postSolution
		{1894C94B-4F9A-4E98-92AC-1420CF37A8BC}.Debug|Any CPU.ActiveCfg = Debug|Any CPU
		{1894C94B-4F9A-4E98-92AC-1420CF37A8BC}.Debug|Any CPU.Build.0 = Debug|Any CPU
		{1894C94B-4F9A-4E98-92AC-1420CF37A8BC}.Release|Any CPU.ActiveCfg = Release|Any CPU
		{1894C94B-4F9A-4E98-92AC-1420CF37A8BC}.Release|Any CPU.Build.0 = Release|Any CPU
	EndGlobalSection
	GlobalSection(SolutionProperties) = preSolution
		HideSolutionNode = FALSE
	EndGlobalSection
	GlobalSection(ExtensibilityGlobals) = postSolution
		SolutionGuid = {20CCBA9B-05B4-46EE-980D-D4560DC018F3}
	EndGlobalSection
EndGlobal
