
Microsoft Visual Studio Solution File, Format Version 12.00
# Visual Studio Version 16
VisualStudioVersion = 16.0.31624.102
MinimumVisualStudioVersion = 10.0.40219.1
Project("{FAE04EC0-301F-11D3-BF4B-00C04F79EFBC}") = "factorial", "factorial\factorial.csproj", "{C7A49277-EA95-4C7D-91F3-7B3A8E3BFABD}"
EndProject
Global
	GlobalSection(SolutionConfigurationPlatforms) = preSolution
		Debug|Any CPU = Debug|Any CPU
		Release|Any CPU = Release|Any CPU
	EndGlobalSection
	GlobalSection(ProjectConfigurationPlatforms) = postSolution
		{C7A49277-EA95-4C7D-91F3-7B3A8E3BFABD}.Debug|Any CPU.ActiveCfg = Debug|Any CPU
		{C7A49277-EA95-4C7D-91F3-7B3A8E3BFABD}.Debug|Any CPU.Build.0 = Debug|Any CPU
		{C7A49277-EA95-4C7D-91F3-7B3A8E3BFABD}.Release|Any CPU.ActiveCfg = Release|Any CPU
		{C7A49277-EA95-4C7D-91F3-7B3A8E3BFABD}.Release|Any CPU.Build.0 = Release|Any CPU
	EndGlobalSection
	GlobalSection(SolutionProperties) = preSolution
		HideSolutionNode = FALSE
	EndGlobalSection
	GlobalSection(ExtensibilityGlobals) = postSolution
		SolutionGuid = {E8D66345-BB0C-4EDF-B1D4-01D152D73AFD}
	EndGlobalSection
EndGlobal
